
Microsoft Visual Studio Solution File, Format Version 12.00
# Visual Studio 14
VisualStudioVersion = 14.0.25420.1
MinimumVisualStudioVersion = 10.0.40219.1
Project("{FAE04EC0-301F-11D3-BF4B-00C04F79EFBC}") = "WpfApplication1", "WpfApplication1\WpfApplication1.csproj", "{55C78579-6CB1-4DA1-9918-3F9AA0300ACC}"
EndProject
Project("{FAE04EC0-301F-11D3-BF4B-00C04F79EFBC}") = "WebApplication1", "WebApplication1\WebApplication1.csproj", "{361D0375-93A4-4231-9B5D-F8E915F48FE7}"
EndProject
Global
	GlobalSection(SolutionConfigurationPlatforms) = preSolution
		Debug|Any CPU = Debug|Any CPU
		Release|Any CPU = Release|Any CPU
	EndGlobalSection
	GlobalSection(ProjectConfigurationPlatforms) = postSolution
		{55C78579-6CB1-4DA1-9918-3F9AA0300ACC}.Debug|Any CPU.ActiveCfg = Debug|Any CPU
		{55C78579-6CB1-4DA1-9918-3F9AA0300ACC}.Debug|Any CPU.Build.0 = Debug|Any CPU
		{55C78579-6CB1-4DA1-9918-3F9AA0300ACC}.Release|Any CPU.ActiveCfg = Release|Any CPU
		{55C78579-6CB1-4DA1-9918-3F9AA0300ACC}.Release|Any CPU.Build.0 = Release|Any CPU
		{361D0375-93A4-4231-9B5D-F8E915F48FE7}.Debug|Any CPU.ActiveCfg = Debug|Any CPU
		{361D0375-93A4-4231-9B5D-F8E915F48FE7}.Debug|Any CPU.Build.0 = Debug|Any CPU
		{361D0375-93A4-4231-9B5D-F8E915F48FE7}.Release|Any CPU.ActiveCfg = Release|Any CPU
		{361D0375-93A4-4231-9B5D-F8E915F48FE7}.Release|Any CPU.Build.0 = Release|Any CPU
	EndGlobalSection
	GlobalSection(SolutionProperties) = preSolution
		HideSolutionNode = FALSE
	EndGlobalSection
EndGlobal
